{
  "name": "vue-bulma",
  "version": "1.0.2",
  "lockfileVersion": 2,
  "requires": true,
  "packages": {
    "": {
      "version": "1.0.2",
      "license": "ISC",
      "peerDependencies": {
        "bulma": "~0.9",
        "vue": "~3.2"
      }
    },
    "node_modules/@babel/helper-validator-identifier": {
      "version": "7.14.9",
      "resolved": "https://registry.npmjs.org/@babel/helper-validator-identifier/-/helper-validator-identifier-7.14.9.tgz",
      "integrity": "sha512-pQYxPY0UP6IHISRitNe8bsijHex4TWZXi2HwKVsjPiltzlhse2znVcm9Ace510VT1kxIHjGJCZZQBX2gJDbo0g==",
      "peer": true,
      "engines": {
        "node": ">=6.9.0"
      }
    },
    "node_modules/@babel/parser": {
      "version": "7.15.3",
      "resolved": "https://registry.npmjs.org/@babel/parser/-/parser-7.15.3.tgz",
      "integrity": "sha512-O0L6v/HvqbdJawj0iBEfVQMc3/6WP+AeOsovsIgBFyJaG+W2w7eqvZB7puddATmWuARlm1SX7DwxJ/JJUnDpEA==",
      "peer": true,
      "bin": {
        "parser": "bin/babel-parser.js"
      },
      "engines": {
        "node": ">=6.0.0"
      }
    },
    "node_modules/@babel/types": {
      "version": "7.15.0",
      "resolved": "https://registry.npmjs.org/@babel/types/-/types-7.15.0.tgz",
      "integrity": "sha512-OBvfqnllOIdX4ojTHpwZbpvz4j3EWyjkZEdmjH0/cgsd6QOdSgU8rLSk6ard/pcW7rlmjdVSX/AWOaORR1uNOQ==",
      "peer": true,
      "dependencies": {
        "@babel/helper-validator-identifier": "^7.14.9",
        "to-fast-properties": "^2.0.0"
      },
      "engines": {
        "node": ">=6.9.0"
      }
    },
    "node_modules/@vue/compiler-core": {
      "version": "3.2.2",
      "resolved": "https://registry.npmjs.org/@vue/compiler-core/-/compiler-core-3.2.2.tgz",
      "integrity": "sha512-QhCI0ZU5nAR0LMcLgzW3v75374tIrHGp8XG5CzJS7Nsy+iuignbE4MZ2XJfh5TGIrtpuzfWA4eTIfukZf/cRdg==",
      "peer": true,
      "dependencies": {
        "@babel/parser": "^7.12.0",
        "@babel/types": "^7.12.0",
        "@vue/shared": "3.2.2",
        "estree-walker": "^2.0.1",
        "source-map": "^0.6.1"
      }
    },
    "node_modules/@vue/compiler-dom": {
      "version": "3.2.2",
      "resolved": "https://registry.npmjs.org/@vue/compiler-dom/-/compiler-dom-3.2.2.tgz",
      "integrity": "sha512-ggcc+NV/ENIE0Uc3TxVE/sKrhYVpLepMAAmEiQ047332mbKOvUkowz4TTFZ+YkgOIuBOPP0XpCxmCMg7p874mA==",
      "peer": true,
      "dependencies": {
        "@vue/compiler-core": "3.2.2",
        "@vue/shared": "3.2.2"
      }
    },
    "node_modules/@vue/reactivity": {
      "version": "3.2.2",
      "resolved": "https://registry.npmjs.org/@vue/reactivity/-/reactivity-3.2.2.tgz",
      "integrity": "sha512-IHjhtmrhK6dzacj/EnLQDWOaA3HuzzVk6w84qgV8EpS4uWGIJXiRalMRg6XvGW2ykJvIl3pLsF0aBFlTMRiLOA==",
      "peer": true,
      "dependencies": {
        "@vue/shared": "3.2.2"
      }
    },
    "node_modules/@vue/runtime-core": {
      "version": "3.2.2",
      "resolved": "https://registry.npmjs.org/@vue/runtime-core/-/runtime-core-3.2.2.tgz",
      "integrity": "sha512-/aUk1+GO/VPX0oVxhbzSWE1zrf3/wGCsO1ALNisVokYftKqfqLDjbJHE6mrI2hx3MiuwbHrWjJClkGUVTIOPEQ==",
      "peer": true,
      "dependencies": {
        "@vue/reactivity": "3.2.2",
        "@vue/shared": "3.2.2"
      }
    },
    "node_modules/@vue/runtime-dom": {
      "version": "3.2.2",
      "resolved": "https://registry.npmjs.org/@vue/runtime-dom/-/runtime-dom-3.2.2.tgz",
      "integrity": "sha512-1Le/NpCfawCOfePfJezvWUF+oCVLU8N+IHN4oFDOxRe6/PgHNJ+yT+YdxFifBfI+TIAoXI/9PsnqzmJZV+xsmw==",
      "peer": true,
      "dependencies": {
        "@vue/runtime-core": "3.2.2",
        "@vue/shared": "3.2.2",
        "csstype": "^2.6.8"
      }
    },
    "node_modules/@vue/shared": {
      "version": "3.2.2",
      "resolved": "https://registry.npmjs.org/@vue/shared/-/shared-3.2.2.tgz",
      "integrity": "sha512-dvYb318tk9uOzHtSaT3WII/HscQSIRzoCZ5GyxEb3JlkEXASpAUAQwKnvSe2CudnF8XHFRTB7VITWSnWNLZUtA==",
      "peer": true
    },
    "node_modules/bulma": {
      "version": "0.9.3",
      "resolved": "https://registry.npmjs.org/bulma/-/bulma-0.9.3.tgz",
      "integrity": "sha512-0d7GNW1PY4ud8TWxdNcP6Cc8Bu7MxcntD/RRLGWuiw/s0a9P+XlH/6QoOIrmbj6o8WWJzJYhytiu9nFjTszk1g==",
      "peer": true
    },
    "node_modules/csstype": {
      "version": "2.6.17",
      "resolved": "https://registry.npmjs.org/csstype/-/csstype-2.6.17.tgz",
      "integrity": "sha512-u1wmTI1jJGzCJzWndZo8mk4wnPTZd1eOIYTYvuEyOQGfmDl3TrabCCfKnOC86FZwW/9djqTl933UF/cS425i9A==",
      "peer": true
    },
    "node_modules/estree-walker": {
      "version": "2.0.2",
      "resolved": "https://registry.npmjs.org/estree-walker/-/estree-walker-2.0.2.tgz",
      "integrity": "sha512-Rfkk/Mp/DL7JVje3u18FxFujQlTNR2q6QfMSMB7AvCBx91NGj/ba3kCfza0f6dVDbw7YlRf/nDrn7pQrCCyQ/w==",
      "peer": true
    },
    "node_modules/source-map": {
      "version": "0.6.1",
      "resolved": "https://registry.npmjs.org/source-map/-/source-map-0.6.1.tgz",
      "integrity": "sha512-UjgapumWlbMhkBgzT7Ykc5YXUT46F0iKu8SGXq0bcwP5dz/h0Plj6enJqjz1Zbq2l5WaqYnrVbwWOWMyF3F47g==",
      "peer": true,
      "engines": {
        "node": ">=0.10.0"
      }
    },
    "node_modules/to-fast-properties": {
      "version": "2.0.0",
      "resolved": "https://registry.npmjs.org/to-fast-properties/-/to-fast-properties-2.0.0.tgz",
      "integrity": "sha1-3F5pjL0HkmW8c+A3doGk5Og/YW4=",
      "peer": true,
      "engines": {
        "node": ">=4"
      }
    },
    "node_modules/vue": {
      "version": "3.2.2",
      "resolved": "https://registry.npmjs.org/vue/-/vue-3.2.2.tgz",
      "integrity": "sha512-D/LuzAV30CgNJYGyNheE/VUs5N4toL2IgmS6c9qeOxvyh0xyn4exyRqizpXIrsvfx34zG9x5gCI2tdRHCGvF9w==",
      "peer": true,
      "dependencies": {
        "@vue/compiler-dom": "3.2.2",
        "@vue/runtime-dom": "3.2.2",
        "@vue/shared": "3.2.2"
      }
    }
  },
  "dependencies": {
    "@babel/helper-validator-identifier": {
      "version": "7.14.9",
      "resolved": "https://registry.npmjs.org/@babel/helper-validator-identifier/-/helper-validator-identifier-7.14.9.tgz",
      "integrity": "sha512-pQYxPY0UP6IHISRitNe8bsijHex4TWZXi2HwKVsjPiltzlhse2znVcm9Ace510VT1kxIHjGJCZZQBX2gJDbo0g==",
      "peer": true
    },
    "@babel/parser": {
      "version": "7.15.3",
      "resolved": "https://registry.npmjs.org/@babel/parser/-/parser-7.15.3.tgz",
      "integrity": "sha512-O0L6v/HvqbdJawj0iBEfVQMc3/6WP+AeOsovsIgBFyJaG+W2w7eqvZB7puddATmWuARlm1SX7DwxJ/JJUnDpEA==",
      "peer": true
    },
    "@babel/types": {
      "version": "7.15.0",
      "resolved": "https://registry.npmjs.org/@babel/types/-/types-7.15.0.tgz",
      "integrity": "sha512-OBvfqnllOIdX4ojTHpwZbpvz4j3EWyjkZEdmjH0/cgsd6QOdSgU8rLSk6ard/pcW7rlmjdVSX/AWOaORR1uNOQ==",
      "peer": true,
      "requires": {
        "@babel/helper-validator-identifier": "^7.14.9",
        "to-fast-properties": "^2.0.0"
      }
    },
    "@vue/compiler-core": {
      "version": "3.2.2",
      "resolved": "https://registry.npmjs.org/@vue/compiler-core/-/compiler-core-3.2.2.tgz",
      "integrity": "sha512-QhCI0ZU5nAR0LMcLgzW3v75374tIrHGp8XG5CzJS7Nsy+iuignbE4MZ2XJfh5TGIrtpuzfWA4eTIfukZf/cRdg==",
      "peer": true,
      "requires": {
        "@babel/parser": "^7.12.0",
        "@babel/types": "^7.12.0",
        "@vue/shared": "3.2.2",
        "estree-walker": "^2.0.1",
        "source-map": "^0.6.1"
      }
    },
    "@vue/compiler-dom": {
      "version": "3.2.2",
      "resolved": "https://registry.npmjs.org/@vue/compiler-dom/-/compiler-dom-3.2.2.tgz",
      "integrity": "sha512-ggcc+NV/ENIE0Uc3TxVE/sKrhYVpLepMAAmEiQ047332mbKOvUkowz4TTFZ+YkgOIuBOPP0XpCxmCMg7p874mA==",
      "peer": true,
      "requires": {
        "@vue/compiler-core": "3.2.2",
        "@vue/shared": "3.2.2"
      }
    },
    "@vue/reactivity": {
      "version": "3.2.2",
      "resolved": "https://registry.npmjs.org/@vue/reactivity/-/reactivity-3.2.2.tgz",
      "integrity": "sha512-IHjhtmrhK6dzacj/EnLQDWOaA3HuzzVk6w84qgV8EpS4uWGIJXiRalMRg6XvGW2ykJvIl3pLsF0aBFlTMRiLOA==",
      "peer": true,
      "requires": {
        "@vue/shared": "3.2.2"
      }
    },
    "@vue/runtime-core": {
      "version": "3.2.2",
      "resolved": "https://registry.npmjs.org/@vue/runtime-core/-/runtime-core-3.2.2.tgz",
      "integrity": "sha512-/aUk1+GO/VPX0oVxhbzSWE1zrf3/wGCsO1ALNisVokYftKqfqLDjbJHE6mrI2hx3MiuwbHrWjJClkGUVTIOPEQ==",
      "peer": true,
      "requires": {
        "@vue/reactivity": "3.2.2",
        "@vue/shared": "3.2.2"
      }
    },
    "@vue/runtime-dom": {
      "version": "3.2.2",
      "resolved": "https://registry.npmjs.org/@vue/runtime-dom/-/runtime-dom-3.2.2.tgz",
      "integrity": "sha512-1Le/NpCfawCOfePfJezvWUF+oCVLU8N+IHN4oFDOxRe6/PgHNJ+yT+YdxFifBfI+TIAoXI/9PsnqzmJZV+xsmw==",
      "peer": true,
      "requires": {
        "@vue/runtime-core": "3.2.2",
        "@vue/shared": "3.2.2",
        "csstype": "^2.6.8"
      }
    },
    "@vue/shared": {
      "version": "3.2.2",
      "resolved": "https://registry.npmjs.org/@vue/shared/-/shared-3.2.2.tgz",
      "integrity": "sha512-dvYb318tk9uOzHtSaT3WII/HscQSIRzoCZ5GyxEb3JlkEXASpAUAQwKnvSe2CudnF8XHFRTB7VITWSnWNLZUtA==",
      "peer": true
    },
    "bulma": {
      "version": "0.9.3",
      "resolved": "https://registry.npmjs.org/bulma/-/bulma-0.9.3.tgz",
      "integrity": "sha512-0d7GNW1PY4ud8TWxdNcP6Cc8Bu7MxcntD/RRLGWuiw/s0a9P+XlH/6QoOIrmbj6o8WWJzJYhytiu9nFjTszk1g==",
      "peer": true
    },
    "csstype": {
      "version": "2.6.17",
      "resolved": "https://registry.npmjs.org/csstype/-/csstype-2.6.17.tgz",
      "integrity": "sha512-u1wmTI1jJGzCJzWndZo8mk4wnPTZd1eOIYTYvuEyOQGfmDl3TrabCCfKnOC86FZwW/9djqTl933UF/cS425i9A==",
      "peer": true
    },
    "estree-walker": {
      "version": "2.0.2",
      "resolved": "https://registry.npmjs.org/estree-walker/-/estree-walker-2.0.2.tgz",
      "integrity": "sha512-Rfkk/Mp/DL7JVje3u18FxFujQlTNR2q6QfMSMB7AvCBx91NGj/ba3kCfza0f6dVDbw7YlRf/nDrn7pQrCCyQ/w==",
      "peer": true
    },
    "source-map": {
      "version": "0.6.1",
      "resolved": "https://registry.npmjs.org/source-map/-/source-map-0.6.1.tgz",
      "integrity": "sha512-UjgapumWlbMhkBgzT7Ykc5YXUT46F0iKu8SGXq0bcwP5dz/h0Plj6enJqjz1Zbq2l5WaqYnrVbwWOWMyF3F47g==",
      "peer": true
    },
    "to-fast-properties": {
      "version": "2.0.0",
      "resolved": "https://registry.npmjs.org/to-fast-properties/-/to-fast-properties-2.0.0.tgz",
      "integrity": "sha1-3F5pjL0HkmW8c+A3doGk5Og/YW4=",
      "peer": true
    },
    "vue": {
      "version": "3.2.2",
      "resolved": "https://registry.npmjs.org/vue/-/vue-3.2.2.tgz",
      "integrity": "sha512-D/LuzAV30CgNJYGyNheE/VUs5N4toL2IgmS6c9qeOxvyh0xyn4exyRqizpXIrsvfx34zG9x5gCI2tdRHCGvF9w==",
      "peer": true,
      "requires": {
        "@vue/compiler-dom": "3.2.2",
        "@vue/runtime-dom": "3.2.2",
        "@vue/shared": "3.2.2"
      }
    }
  }
}
